# Lockfile v4
# This file is automatically generated by Wapm.
# It is not intended for manual editing. The schema of this file may change.
[modules."luksamuk/majestic-lisp"."0.4.2".majestic]
name = "majestic"
package_version = "0.4.2"
package_name = "luksamuk/majestic-lisp"
package_path = "luksamuk/majestic-lisp@0.4.2"
resolved = "local"
resolved_source = "local"
abi = "wasi"
source = "./target/wasm32-wasi/release/majestic-lisp.wasm"
[commands.majestic]
name = "majestic"
package_name = "luksamuk/majestic-lisp"
package_version = "0.4.2"
module = "majestic"
is_top_level_dependency = true
